Microsoft Visual Studio Solution File, Format Version 11.00
# Visual Studio 2008

Project("{78F19140-9DE0-6514-EE87-3E0A3ACD59DE}") = "VirtualReality", "Assembly-CSharp.csproj", "{3260A1CA-CD50-3FBD-0008-B4C2205B48F9}"
EndProject
Global
	GlobalSection(SolutionConfigurationPlatforms) = preSolution
		Debug|Any CPU = Debug|Any CPU
		Release|Any CPU = Release|Any CPU
	EndGlobalSection
	GlobalSection(ProjectConfigurationPlatforms) = postSolution
		{3260A1CA-CD50-3FBD-0008-B4C2205B48F9}.Debug|Any CPU.ActiveCfg = Debug|Any CPU
		{3260A1CA-CD50-3FBD-0008-B4C2205B48F9}.Debug|Any CPU.Build.0 = Debug|Any CPU
		{3260A1CA-CD50-3FBD-0008-B4C2205B48F9}.Release|Any CPU.ActiveCfg = Release|Any CPU
		{3260A1CA-CD50-3FBD-0008-B4C2205B48F9}.Release|Any CPU.Build.0 = Release|Any CPU
	EndGlobalSection
	GlobalSection(SolutionProperties) = preSolution
		HideSolutionNode = FALSE
	EndGlobalSection
	GlobalSection(MonoDevelopProperties) = preSolution
		StartupItem = Assembly-CSharp.csproj
	EndGlobalSection
EndGlobal
